
Microsoft Visual Studio Solution File, Format Version 12.00
# Visual Studio Version 17
VisualStudioVersion = 17.0.31903.59
MinimumVisualStudioVersion = 10.0.40219.1
Project("{FAE04EC0-301F-11D3-BF4B-00C04F79EFBC}") = "ElevenNote.WebAPI", "ElevenNote.WebAPI\ElevenNote.WebAPI.csproj", "{89BCC03C-872B-435E-8B7E-F1CB453FDAC4}"
EndProject
Global
	GlobalSection(SolutionConfigurationPlatforms) = preSolution
		Debug|Any CPU = Debug|Any CPU
		Release|Any CPU = Release|Any CPU
	EndGlobalSection
	GlobalSection(SolutionProperties) = preSolution
		HideSolutionNode = FALSE
	EndGlobalSection
	GlobalSection(ProjectConfigurationPlatforms) = postSolution
		{89BCC03C-872B-435E-8B7E-F1CB453FDAC4}.Debug|Any CPU.ActiveCfg = Debug|Any CPU
		{89BCC03C-872B-435E-8B7E-F1CB453FDAC4}.Debug|Any CPU.Build.0 = Debug|Any CPU
		{89BCC03C-872B-435E-8B7E-F1CB453FDAC4}.Release|Any CPU.ActiveCfg = Release|Any CPU
		{89BCC03C-872B-435E-8B7E-F1CB453FDAC4}.Release|Any CPU.Build.0 = Release|Any CPU
	EndGlobalSection
EndGlobal
